
Microsoft Visual Studio Solution File, Format Version 12.00
# Visual Studio Version 17
VisualStudioVersion = 17.8.34601.278
MinimumVisualStudioVersion = 10.0.40219.1
Project("{FAE04EC0-301F-11D3-BF4B-00C04F79EFBC}") = "Tarea semana 2", "Tarea semana 2\Tarea semana 2.csproj", "{5484B5DC-40D1-44E2-B2C0-C9038ACF3E63}"
EndProject
Global
	GlobalSection(SolutionConfigurationPlatforms) = preSolution
		Debug|Any CPU = Debug|Any CPU
		Release|Any CPU = Release|Any CPU
	EndGlobalSection
	GlobalSection(ProjectConfigurationPlatforms) = postSolution
		{5484B5DC-40D1-44E2-B2C0-C9038ACF3E63}.Debug|Any CPU.ActiveCfg = Debug|Any CPU
		{5484B5DC-40D1-44E2-B2C0-C9038ACF3E63}.Debug|Any CPU.Build.0 = Debug|Any CPU
		{5484B5DC-40D1-44E2-B2C0-C9038ACF3E63}.Release|Any CPU.ActiveCfg = Release|Any CPU
		{5484B5DC-40D1-44E2-B2C0-C9038ACF3E63}.Release|Any CPU.Build.0 = Release|Any CPU
	EndGlobalSection
	GlobalSection(SolutionProperties) = preSolution
		HideSolutionNode = FALSE
	EndGlobalSection
	GlobalSection(ExtensibilityGlobals) = postSolution
		SolutionGuid = {0D7D89F1-FAD6-405F-AAE0-363A78F61428}
	EndGlobalSection
EndGlobal
